
Microsoft Visual Studio Solution File, Format Version 12.00
# Visual Studio Version 16
VisualStudioVersion = 16.0.30907.101
MinimumVisualStudioVersion = 10.0.40219.1
Project("{FAE04EC0-301F-11D3-BF4B-00C04F79EFBC}") = "Test1", "Test1.csproj", "{18CD005E-5AF1-4A72-B526-E55E9C279B18}"
EndProject
Global
	GlobalSection(SolutionConfigurationPlatforms) = preSolution
		Debug|Any CPU = Debug|Any CPU
		Release|Any CPU = Release|Any CPU
	EndGlobalSection
	GlobalSection(ProjectConfigurationPlatforms) = postSolution
		{18CD005E-5AF1-4A72-B526-E55E9C279B18}.Debug|Any CPU.ActiveCfg = Debug|Any CPU
		{18CD005E-5AF1-4A72-B526-E55E9C279B18}.Debug|Any CPU.Build.0 = Debug|Any CPU
		{18CD005E-5AF1-4A72-B526-E55E9C279B18}.Release|Any CPU.ActiveCfg = Release|Any CPU
		{18CD005E-5AF1-4A72-B526-E55E9C279B18}.Release|Any CPU.Build.0 = Release|Any CPU
	EndGlobalSection
	GlobalSection(SolutionProperties) = preSolution
		HideSolutionNode = FALSE
	EndGlobalSection
	GlobalSection(ExtensibilityGlobals) = postSolution
		SolutionGuid = {A4CD3FF6-64BE-46BD-9625-0BA744BB8912}
	EndGlobalSection
EndGlobal
